// !$*UTF8*$!
{
	archiveVersion = 1;
	classes = {
	};
	objectVersion = 77;
	objects = {

/* Begin PBXBuildFile section */
		5ECF175B2DF728E600654D6D /* libsqlite3.tbd in Frameworks */ = {isa = PBXBuildFile; fileRef = 5ECF175A2DF728E600654D6D /* libsqlite3.tbd */; };
/* End PBXBuildFile section */

/* Begin PBXContainerItemProxy section */
		5ECF16F82DF711F700654D6D /* PBXContainerItemProxy */ = {
			isa = PBXContainerItemProxy;
			containerPortal = 5ECF16E12DF711F300654D6D /* Project object */;
			proxyType = 1;
			remoteGlobalIDString = 5ECF16E82DF711F300654D6D;
			remoteInfo = MindraTimer;
		};
		5ECF17022DF711F700654D6D /* PBXContainerItemProxy */ = {
			isa = PBXContainerItemProxy;
			containerPortal = 5ECF16E12DF711F300654D6D /* Project object */;
			proxyType = 1;
			remoteGlobalIDString = 5ECF16E82DF711F300654D6D;
			remoteInfo = MindraTimer;
		};
/* End PBXContainerItemProxy section */

/* Begin PBXFileReference section */
		5ECF16E92DF711F300654D6D /* MindraTimer.app */ = {isa = PBXFileReference; explicitFileType = wrapper.application; includeInIndex = 0; path = MindraTimer.app; sourceTree = BUILT_PRODUCTS_DIR; };
		5ECF16F72DF711F700654D6D /* MindraTimerTests.xctest */ = {isa = PBXFileReference; explicitFileType = wrapper.cfbundle; includeInIndex = 0; path = MindraTimerTests.xctest; sourceTree = BUILT_PRODUCTS_DIR; };
		5ECF17012DF711F700654D6D /* MindraTimerUITests.xctest */ = {isa = PBXFileReference; explicitFileType = wrapper.cfbundle; includeInIndex = 0; path = MindraTimerUITests.xctest; sourceTree = BUILT_PRODUCTS_DIR; };
		5ECF175A2DF728E600654D6D /* libsqlite3.tbd */ = {isa = PBXFileReference; lastKnownFileType = "sourcecode.text-based-dylib-definition"; name = libsqlite3.tbd; path = usr/lib/libsqlite3.tbd; sourceTree = SDKROOT; };
/* End PBXFileReference section */

/* Begin PBXFileSystemSynchronizedRootGroup section */
		5ECF16EB2DF711F300654D6D /* MindraTimer */ = {
			isa = PBXFileSystemSynchronizedRootGroup;
			path = MindraTimer;
			sourceTree = "<group>";
		};
		5ECF16FA2DF711F700654D6D /* MindraTimerTests */ = {
			isa = PBXFileSystemSynchronizedRootGroup;
			path = MindraTimerTests;
			sourceTree = "<group>";
		};
		5ECF17042DF711F700654D6D /* MindraTimerUITests */ = {
			isa = PBXFileSystemSynchronizedRootGroup;
			path = MindraTimerUITests;
			sourceTree = "<group>";
		};
/* End PBXFileSystemSynchronizedRootGroup section */

/* Begin PBXFrameworksBuildPhase section */
		5ECF16E62DF711F300654D6D /* Frameworks */ = {
			isa = PBXFrameworksBuildPhase;
			buildActionMask = 2147483647;
			files = (
				5ECF175B2DF728E600654D6D /* libsqlite3.tbd in Frameworks */,
			);
			runOnlyForDeploymentPostprocessing = 0;
		};
		5ECF16F42DF711F700654D6D /* Frameworks */ = {
			isa = PBXFrameworksBuildPhase;
			buildActionMask = 2147483647;
			files = (
			);
			runOnlyForDeploymentPostprocessing = 0;
		};
		5ECF16FE2DF711F700654D6D /* Frameworks */ = {
			isa = PBXFrameworksBuildPhase;
			buildActionMask = 2147483647;
			files = (
			);
			runOnlyForDeploymentPostprocessing = 0;
		};
/* End PBXFrameworksBuildPhase section */

/* Begin PBXGroup section */
		5ECF16E02DF711F300654D6D = {
			isa = PBXGroup;
			children = (
				5ECF16FA2DF711F700654D6D /* MindraTimerTests */,
				5ECF17042DF711F700654D6D /* MindraTimerUITests */,
				5ECF17592DF728E500654D6D /* Frameworks */,
				5ECF16EA2DF711F300654D6D /* Products */,
				5ECF16EB2DF711F300654D6D /* MindraTimer */,
			);
			sourceTree = "<group>";
		};
		5ECF16EA2DF711F300654D6D /* Products */ = {
			isa = PBXGroup;
			children = (
				5ECF16E92DF711F300654D6D /* MindraTimer.app */,
				5ECF16F72DF711F700654D6D /* MindraTimerTests.xctest */,
				5ECF17012DF711F700654D6D /* MindraTimerUITests.xctest */,
			);
			name = Products;
			sourceTree = "<group>";
		};
		5ECF17592DF728E500654D6D /* Frameworks */ = {
			isa = PBXGroup;
			children = (
				5ECF175A2DF728E600654D6D /* libsqlite3.tbd */,
			);
			name = Frameworks;
			sourceTree = "<group>";
		};
/* End PBXGroup section */

/* Begin PBXNativeTarget section */
		5ECF16E82DF711F300654D6D /* MindraTimer */ = {
			isa = PBXNativeTarget;
			buildConfigurationList = 5ECF170B2DF711F700654D6D /* Build configuration list for PBXNativeTarget "MindraTimer" */;
			buildPhases = (
				5ECF16E52DF711F300654D6D /* Sources */,
				5ECF16E62DF711F300654D6D /* Frameworks */,
				5ECF16E72DF711F300654D6D /* Resources */,
			);
			buildRules = (
			);
			dependencies = (
			);
			fileSystemSynchronizedGroups = (
				5ECF16EB2DF711F300654D6D /* MindraTimer */,
			);
			name = MindraTimer;
			packageProductDependencies = (
			);
			productName = MindraTimer;
			productReference = 5ECF16E92DF711F300654D6D /* MindraTimer.app */;
			productType = "com.apple.product-type.application";
		};
		5ECF16F62DF711F700654D6D /* MindraTimerTests */ = {
			isa = PBXNativeTarget;
			buildConfigurationList = 5ECF170E2DF711F700654D6D /* Build configuration list for PBXNativeTarget "MindraTimerTests" */;
			buildPhases = (
				5ECF16F32DF711F700654D6D /* Sources */,
				5ECF16F42DF711F700654D6D /* Frameworks */,
				5ECF16F52DF711F700654D6D /* Resources */,
			);
			buildRules = (
			);
			dependencies = (
				5ECF16F92DF711F700654D6D /* PBXTargetDependency */,
			);
			fileSystemSynchronizedGroups = (
				5ECF16FA2DF711F700654D6D /* MindraTimerTests */,
			);
			name = MindraTimerTests;
			packageProductDependencies = (
			);
			productName = MindraTimerTests;
			productReference = 5ECF16F72DF711F700654D6D /* MindraTimerTests.xctest */;
			productType = "com.apple.product-type.bundle.unit-test";
		};
		5ECF17002DF711F700654D6D /* MindraTimerUITests */ = {
			isa = PBXNativeTarget;
			buildConfigurationList = 5ECF17112DF711F700654D6D /* Build configuration list for PBXNativeTarget "MindraTimerUITests" */;
			buildPhases = (
				5ECF16FD2DF711F700654D6D /* Sources */,
				5ECF16FE2DF711F700654D6D /* Frameworks */,
				5ECF16FF2DF711F700654D6D /* Resources */,
			);
			buildRules = (
			);
			dependencies = (
				5ECF17032DF711F700654D6D /* PBXTargetDependency */,
			);
			fileSystemSynchronizedGroups = (
				5ECF17042DF711F700654D6D /* MindraTimerUITests */,
			);
			name = MindraTimerUITests;
			packageProductDependencies = (
			);
			productName = MindraTimerUITests;
			productReference = 5ECF17012DF711F700654D6D /* MindraTimerUITests.xctest */;
			productType = "com.apple.product-type.bundle.ui-testing";
		};
/* End PBXNativeTarget section */

/* Begin PBXProject section */
		5ECF16E12DF711F300654D6D /* Project object */ = {
			isa = PBXProject;
			attributes = {
				BuildIndependentTargetsInParallel = 1;
				LastSwiftUpdateCheck = 1640;
				LastUpgradeCheck = 1640;
				TargetAttributes = {
					5ECF16E82DF711F300654D6D = {
						CreatedOnToolsVersion = 16.4;
					};
					5ECF16F62DF711F700654D6D = {
						CreatedOnToolsVersion = 16.4;
						TestTargetID = 5ECF16E82DF711F300654D6D;
					};
					5ECF17002DF711F700654D6D = {
						CreatedOnToolsVersion = 16.4;
						TestTargetID = 5ECF16E82DF711F300654D6D;
					};
				};
			};
			buildConfigurationList = 5ECF16E42DF711F300654D6D /* Build configuration list for PBXProject "MindraTimer" */;
			developmentRegion = en;
			hasScannedForEncodings = 0;
			knownRegions = (
				en,
				Base,
			);
			mainGroup = 5ECF16E02DF711F300654D6D;
			minimizedProjectReferenceProxies = 1;
			preferredProjectObjectVersion = 77;
			productRefGroup = 5ECF16EA2DF711F300654D6D /* Products */;
			projectDirPath = "";
			projectRoot = "";
			targets = (
				5ECF16E82DF711F300654D6D /* MindraTimer */,
				5ECF16F62DF711F700654D6D /* MindraTimerTests */,
				5ECF17002DF711F700654D6D /* MindraTimerUITests */,
			);
		};
/* End PBXProject section */

/* Begin PBXResourcesBuildPhase section */
		5ECF16E72DF711F300654D6D /* Resources */ = {
			isa = PBXResourcesBuildPhase;
			buildActionMask = 2147483647;
			files = (
			);
			runOnlyForDeploymentPostprocessing = 0;
		};
		5ECF16F52DF711F700654D6D /* Resources */ = {
			isa = PBXResourcesBuildPhase;
			buildActionMask = 2147483647;
			files = (
			);
			runOnlyForDeploymentPostprocessing = 0;
		};
		5ECF16FF2DF711F700654D6D /* Resources */ = {
			isa = PBXResourcesBuildPhase;
			buildActionMask = 2147483647;
			files = (
			);
			runOnlyForDeploymentPostprocessing = 0;
		};
/* End PBXResourcesBuildPhase section */

/* Begin PBXSourcesBuildPhase section */
		5ECF16E52DF711F300654D6D /* Sources */ = {
			isa = PBXSourcesBuildPhase;
			buildActionMask = 2147483647;
			files = (
			);
			runOnlyForDeploymentPostprocessing = 0;
		};
		5ECF16F32DF711F700654D6D /* Sources */ = {
			isa = PBXSourcesBuildPhase;
			buildActionMask = 2147483647;
			files = (
			);
			runOnlyForDeploymentPostprocessing = 0;
		};
		5ECF16FD2DF711F700654D6D /* Sources */ = {
			isa = PBXSourcesBuildPhase;
			buildActionMask = 2147483647;
			files = (
			);
			runOnlyForDeploymentPostprocessing = 0;
		};
/* End PBXSourcesBuildPhase section */

/* Begin PBXTargetDependency section */
		5ECF16F92DF711F700654D6D /* PBXTargetDependency */ = {
			isa = PBXTargetDependency;
			target = 5ECF16E82DF711F300654D6D /* MindraTimer */;
			targetProxy = 5ECF16F82DF711F700654D6D /* PBXContainerItemProxy */;
		};
		5ECF17032DF711F700654D6D /* PBXTargetDependency */ = {
			isa = PBXTargetDependency;
			target = 5ECF16E82DF711F300654D6D /* MindraTimer */;
			targetProxy = 5ECF17022DF711F700654D6D /* PBXContainerItemProxy */;
		};
/* End PBXTargetDependency section */

/* Begin XCBuildConfiguration section */
		5ECF17092DF711F700654D6D /* Debug */ = {
			isa = XCBuildConfiguration;
			buildSettings = {
				ALWAYS_SEARCH_USER_PATHS = NO;
				ASSETCATALOG_COMPILER_GENERATE_SWIFT_ASSET_SYMBOL_EXTENSIONS = YES;
				CLANG_ANALYZER_NONNULL = YES;
				CLANG_ANALYZER_NUMBER_OBJECT_CONVERSION = YES_AGGRESSIVE;
				CLANG_CXX_LANGUAGE_STANDARD = "gnu++20";
				CLANG_ENABLE_MODULES = YES;
				CLANG_ENABLE_OBJC_ARC = YES;
				CLANG_ENABLE_OBJC_WEAK = YES;
				CLANG_WARN_BLOCK_CAPTURE_AUTORELEASING = YES;
				CLANG_WARN_BOOL_CONVERSION = YES;
				CLANG_WARN_COMMA = YES;
				CLANG_WARN_CONSTANT_CONVERSION = YES;
				CLANG_WARN_DEPRECATED_OBJC_IMPLEMENTATIONS = YES;
				CLANG_WARN_DIRECT_OBJC_ISA_USAGE = YES_ERROR;
				CLANG_WARN_DOCUMENTATION_COMMENTS = YES;
				CLANG_WARN_EMPTY_BODY = YES;
				CLANG_WARN_ENUM_CONVERSION = YES;
				CLANG_WARN_INFINITE_RECURSION = YES;
				CLANG_WARN_INT_CONVERSION = YES;
				CLANG_WARN_NON_LITERAL_NULL_CONVERSION = YES;
				CLANG_WARN_OBJC_IMPLICIT_RETAIN_SELF = YES;
				CLANG_WARN_OBJC_LITERAL_CONVERSION = YES;
				CLANG_WARN_OBJC_ROOT_CLASS = YES_ERROR;
				CLANG_WARN_QUOTED_INCLUDE_IN_FRAMEWORK_HEADER = YES;
				CLANG_WARN_RANGE_LOOP_ANALYSIS = YES;
				CLANG_WARN_STRICT_PROTOTYPES = YES;
				CLANG_WARN_SUSPICIOUS_MOVE = YES;
				CLANG_WARN_UNGUARDED_AVAILABILITY = YES_AGGRESSIVE;
				CLANG_WARN_UNREACHABLE_CODE = YES;
				CLANG_WARN__DUPLICATE_METHOD_MATCH = YES;
				COPY_PHASE_STRIP = NO;
				DEBUG_INFORMATION_FORMAT = dwarf;
				ENABLE_STRICT_OBJC_MSGSEND = YES;
				ENABLE_TESTABILITY = YES;
				ENABLE_USER_SCRIPT_SANDBOXING = YES;
				GCC_C_LANGUAGE_STANDARD = gnu17;
				GCC_DYNAMIC_NO_PIC = NO;
				GCC_NO_COMMON_BLOCKS = YES;
				GCC_OPTIMIZATION_LEVEL = 0;
				GCC_PREPROCESSOR_DEFINITIONS = (
					"DEBUG=1",
					"$(inherited)",
				);
				GCC_WARN_64_TO_32_BIT_CONVERSION = YES;
				GCC_WARN_ABOUT_RETURN_TYPE = YES_ERROR;
				GCC_WARN_UNDECLARED_SELECTOR = YES;
				GCC_WARN_UNINITIALIZED_AUTOS = YES_AGGRESSIVE;
				GCC_WARN_UNUSED_FUNCTION = YES;
				GCC_WARN_UNUSED_VARIABLE = YES;
				LOCALIZATION_PREFERS_STRING_CATALOGS = YES;
				MACOSX_DEPLOYMENT_TARGET = 15.5;
				MTL_ENABLE_DEBUG_INFO = INCLUDE_SOURCE;
				MTL_FAST_MATH = YES;
				ONLY_ACTIVE_ARCH = YES;
				SDKROOT = macosx;
				SWIFT_ACTIVE_COMPILATION_CONDITIONS = "DEBUG $(inherited)";
				SWIFT_OPTIMIZATION_LEVEL = "-Onone";
			};
			name = Debug;
		};
		5ECF170A2DF711F700654D6D /* Release */ = {
			isa = XCBuildConfiguration;
			buildSettings = {
				ALWAYS_SEARCH_USER_PATHS = NO;
				ASSETCATALOG_COMPILER_GENERATE_SWIFT_ASSET_SYMBOL_EXTENSIONS = YES;
				CLANG_ANALYZER_NONNULL = YES;
				CLANG_ANALYZER_NUMBER_OBJECT_CONVERSION = YES_AGGRESSIVE;
				CLANG_CXX_LANGUAGE_STANDARD = "gnu++20";
				CLANG_ENABLE_MODULES = YES;
				CLANG_ENABLE_OBJC_ARC = YES;
				CLANG_ENABLE_OBJC_WEAK = YES;
				CLANG_WARN_BLOCK_CAPTURE_AUTORELEASING = YES;
				CLANG_WARN_BOOL_CONVERSION = YES;
				CLANG_WARN_COMMA = YES;
				CLANG_WARN_CONSTANT_CONVERSION = YES;
				CLANG_WARN_DEPRECATED_OBJC_IMPLEMENTATIONS = YES;
				CLANG_WARN_DIRECT_OBJC_ISA_USAGE = YES_ERROR;
				CLANG_WARN_DOCUMENTATION_COMMENTS = YES;
				CLANG_WARN_EMPTY_BODY = YES;
				CLANG_WARN_ENUM_CONVERSION = YES;
				CLANG_WARN_INFINITE_RECURSION = YES;
				CLANG_WARN_INT_CONVERSION = YES;
				CLANG_WARN_NON_LITERAL_NULL_CONVERSION = YES;
				CLANG_WARN_OBJC_IMPLICIT_RETAIN_SELF = YES;
				CLANG_WARN_OBJC_LITERAL_CONVERSION = YES;
				CLANG_WARN_OBJC_ROOT_CLASS = YES_ERROR;
				CLANG_WARN_QUOTED_INCLUDE_IN_FRAMEWORK_HEADER = YES;
				CLANG_WARN_RANGE_LOOP_ANALYSIS = YES;
				CLANG_WARN_STRICT_PROTOTYPES = YES;
				CLANG_WARN_SUSPICIOUS_MOVE = YES;
				CLANG_WARN_UNGUARDED_AVAILABILITY = YES_AGGRESSIVE;
				CLANG_WARN_UNREACHABLE_CODE = YES;
				CLANG_WARN__DUPLICATE_METHOD_MATCH = YES;
				COPY_PHASE_STRIP = NO;
				DEBUG_INFORMATION_FORMAT = "dwarf-with-dsym";
				ENABLE_NS_ASSERTIONS = NO;
				ENABLE_STRICT_OBJC_MSGSEND = YES;
				ENABLE_USER_SCRIPT_SANDBOXING = YES;
				GCC_C_LANGUAGE_STANDARD = gnu17;
				GCC_NO_COMMON_BLOCKS = YES;
				GCC_WARN_64_TO_32_BIT_CONVERSION = YES;
				GCC_WARN_ABOUT_RETURN_TYPE = YES_ERROR;
				GCC_WARN_UNDECLARED_SELECTOR = YES;
				GCC_WARN_UNINITIALIZED_AUTOS = YES_AGGRESSIVE;
				GCC_WARN_UNUSED_FUNCTION = YES;
				GCC_WARN_UNUSED_VARIABLE = YES;
				LOCALIZATION_PREFERS_STRING_CATALOGS = YES;
				MACOSX_DEPLOYMENT_TARGET = 15.5;
				MTL_ENABLE_DEBUG_INFO = NO;
				MTL_FAST_MATH = YES;
				SDKROOT = macosx;
				SWIFT_COMPILATION_MODE = wholemodule;
			};
			name = Release;
		};
		5ECF170C2DF711F700654D6D /* Debug */ = {
			isa = XCBuildConfiguration;
			buildSettings = {
				ASSETCATALOG_COMPILER_APPICON_NAME = AppIcon;
				ASSETCATALOG_COMPILER_GLOBAL_ACCENT_COLOR_NAME = AccentColor;
				ASSETCATALOG_COMPILER_INCLUDE_ALL_APPICON_ASSETS = YES;
				CODE_SIGN_ENTITLEMENTS = MindraTimer/MindraTimer.entitlements;
				CODE_SIGN_STYLE = Automatic;
				COMBINE_HIDPI_IMAGES = YES;
				CURRENT_PROJECT_VERSION = 1;
				ENABLE_PREVIEWS = YES;
				GENERATE_INFOPLIST_FILE = YES;
				INFOPLIST_KEY_LSApplicationCategoryType = "public.app-category.productivity";
				INFOPLIST_KEY_NSHumanReadableCopyright = "";
				LD_RUNPATH_SEARCH_PATHS = (
					"$(inherited)",
					"@executable_path/../Frameworks",
				);
				MACOSX_DEPLOYMENT_TARGET = 15.0;
				MARKETING_VERSION = 1.0;
				PRODUCT_BUNDLE_IDENTIFIER = mistermatt.MindraTimer;
				PRODUCT_NAME = "$(TARGET_NAME)";
				REGISTER_APP_GROUPS = YES;
				SWIFT_EMIT_LOC_STRINGS = YES;
				SWIFT_VERSION = 5.0;
			};
			name = Debug;
		};
		5ECF170D2DF711F700654D6D /* Release */ = {
			isa = XCBuildConfiguration;
			buildSettings = {
				ASSETCATALOG_COMPILER_APPICON_NAME = AppIcon;
				ASSETCATALOG_COMPILER_GLOBAL_ACCENT_COLOR_NAME = AccentColor;
				ASSETCATALOG_COMPILER_INCLUDE_ALL_APPICON_ASSETS = YES;
				CODE_SIGN_ENTITLEMENTS = MindraTimer/MindraTimer.entitlements;
				CODE_SIGN_STYLE = Automatic;
				COMBINE_HIDPI_IMAGES = YES;
				CURRENT_PROJECT_VERSION = 1;
				ENABLE_PREVIEWS = YES;
				GENERATE_INFOPLIST_FILE = YES;
				INFOPLIST_KEY_LSApplicationCategoryType = "public.app-category.productivity";
				INFOPLIST_KEY_NSHumanReadableCopyright = "";
				LD_RUNPATH_SEARCH_PATHS = (
					"$(inherited)",
					"@executable_path/../Frameworks",
				);
				MACOSX_DEPLOYMENT_TARGET = 15.0;
				MARKETING_VERSION = 1.0;
				PRODUCT_BUNDLE_IDENTIFIER = mistermatt.MindraTimer;
				PRODUCT_NAME = "$(TARGET_NAME)";
				REGISTER_APP_GROUPS = YES;
				SWIFT_EMIT_LOC_STRINGS = YES;
				SWIFT_VERSION = 5.0;
			};
			name = Release;
		};
		5ECF170F2DF711F700654D6D /* Debug */ = {
			isa = XCBuildConfiguration;
			buildSettings = {
				BUNDLE_LOADER = "$(TEST_HOST)";
				CODE_SIGN_STYLE = Automatic;
				CURRENT_PROJECT_VERSION = 1;
				GENERATE_INFOPLIST_FILE = YES;
				MACOSX_DEPLOYMENT_TARGET = 15.5;
				MARKETING_VERSION = 1.0;
				PRODUCT_BUNDLE_IDENTIFIER = mistermatt.MindraTimerTests;
				PRODUCT_NAME = "$(TARGET_NAME)";
				SWIFT_EMIT_LOC_STRINGS = NO;
				SWIFT_VERSION = 5.0;
				TEST_HOST = "$(BUILT_PRODUCTS_DIR)/MindraTimer.app/$(BUNDLE_EXECUTABLE_FOLDER_PATH)/MindraTimer";
			};
			name = Debug;
		};
		5ECF17102DF711F700654D6D /* Release */ = {
			isa = XCBuildConfiguration;
			buildSettings = {
				BUNDLE_LOADER = "$(TEST_HOST)";
				CODE_SIGN_STYLE = Automatic;
				CURRENT_PROJECT_VERSION = 1;
				GENERATE_INFOPLIST_FILE = YES;
				MACOSX_DEPLOYMENT_TARGET = 15.5;
				MARKETING_VERSION = 1.0;
				PRODUCT_BUNDLE_IDENTIFIER = mistermatt.MindraTimerTests;
				PRODUCT_NAME = "$(TARGET_NAME)";
				SWIFT_EMIT_LOC_STRINGS = NO;
				SWIFT_VERSION = 5.0;
				TEST_HOST = "$(BUILT_PRODUCTS_DIR)/MindraTimer.app/$(BUNDLE_EXECUTABLE_FOLDER_PATH)/MindraTimer";
			};
			name = Release;
		};
		5ECF17122DF711F700654D6D /* Debug */ = {
			isa = XCBuildConfiguration;
			buildSettings = {
				CODE_SIGN_STYLE = Automatic;
				CURRENT_PROJECT_VERSION = 1;
				GENERATE_INFOPLIST_FILE = YES;
				MARKETING_VERSION = 1.0;
				PRODUCT_BUNDLE_IDENTIFIER = mistermatt.MindraTimerUITests;
				PRODUCT_NAME = "$(TARGET_NAME)";
				SWIFT_EMIT_LOC_STRINGS = NO;
				SWIFT_VERSION = 5.0;
				TEST_TARGET_NAME = MindraTimer;
			};
			name = Debug;
		};
		5ECF17132DF711F700654D6D /* Release */ = {
			isa = XCBuildConfiguration;
			buildSettings = {
				CODE_SIGN_STYLE = Automatic;
				CURRENT_PROJECT_VERSION = 1;
				GENERATE_INFOPLIST_FILE = YES;
				MARKETING_VERSION = 1.0;
				PRODUCT_BUNDLE_IDENTIFIER = mistermatt.MindraTimerUITests;
				PRODUCT_NAME = "$(TARGET_NAME)";
				SWIFT_EMIT_LOC_STRINGS = NO;
				SWIFT_VERSION = 5.0;
				TEST_TARGET_NAME = MindraTimer;
			};
			name = Release;
		};
/* End XCBuildConfiguration section */

/* Begin XCConfigurationList section */
		5ECF16E42DF711F300654D6D /* Build configuration list for PBXProject "MindraTimer" */ = {
			isa = XCConfigurationList;
			buildConfigurations = (
				5ECF17092DF711F700654D6D /* Debug */,
				5ECF170A2DF711F700654D6D /* Release */,
			);
			defaultConfigurationIsVisible = 0;
			defaultConfigurationName = Release;
		};
		5ECF170B2DF711F700654D6D /* Build configuration list for PBXNativeTarget "MindraTimer" */ = {
			isa = XCConfigurationList;
			buildConfigurations = (
				5ECF170C2DF711F700654D6D /* Debug */,
				5ECF170D2DF711F700654D6D /* Release */,
			);
			defaultConfigurationIsVisible = 0;
			defaultConfigurationName = Release;
		};
		5ECF170E2DF711F700654D6D /* Build configuration list for PBXNativeTarget "MindraTimerTests" */ = {
			isa = XCConfigurationList;
			buildConfigurations = (
				5ECF170F2DF711F700654D6D /* Debug */,
				5ECF17102DF711F700654D6D /* Release */,
			);
			defaultConfigurationIsVisible = 0;
			defaultConfigurationName = Release;
		};
		5ECF17112DF711F700654D6D /* Build configuration list for PBXNativeTarget "MindraTimerUITests" */ = {
			isa = XCConfigurationList;
			buildConfigurations = (
				5ECF17122DF711F700654D6D /* Debug */,
				5ECF17132DF711F700654D6D /* Release */,
			);
			defaultConfigurationIsVisible = 0;
			defaultConfigurationName = Release;
		};
/* End XCConfigurationList section */
	};
	rootObject = 5ECF16E12DF711F300654D6D /* Project object */;
}
